lockfileVersion: 5.4

specifiers:
  '@imqueue/pg-pubsub': 1.5.12
  '@types/node': ^17.0.35
  bob-ts: ^4.0.0
  esbuild: ^0.14.41
  typescript: ^4.7.2

dependencies:
  '@imqueue/pg-pubsub': 1.5.12

devDependencies:
  '@types/node': 17.0.35
  bob-ts: 4.0.0_2ood4gl2z63vouoebhdezcicjq
  esbuild: 0.14.41
  typescript: 4.7.2

packages:

  /@imqueue/pg-pubsub/1.5.12:
    resolution: {integrity: sha512-bOXtfMNxkcsSQ7jWLZtyN0PqTEnh08ZzHRpHssPTaGnrtJO8AdyL0hJH/7Pg0XljNEp2ibGjlU5XS0W11apudg==}
    dependencies:
      '@types/node': 17.0.35
      '@types/pg': 8.6.5
      '@types/pg-format': 1.0.2
      pg: 8.7.3
      pg-format: 1.0.4
      uuid: 8.3.2
    transitivePeerDependencies:
      - pg-native
    dev: false

  /@rollup/pluginutils/4.2.1:
    resolution: {integrity: sha512-iKnFXr7NkdZAIHiIWE+BX5ULi/ucVFYWD6TbAV+rZctiRTY2PL6tsIKhoIOaoskiWAkgu+VsbXgUVDNLHf+InQ==}
    engines: {node: '>= 8.0.0'}
    dependencies:
      estree-walker: 2.0.2
      picomatch: 2.3.1
    dev: true

  /@types/node/17.0.35:
    resolution: {integrity: sha512-vu1SrqBjbbZ3J6vwY17jBs8Sr/BKA+/a/WtjRG+whKg1iuLFOosq872EXS0eXWILdO36DHQQeku/ZcL6hz2fpg==}

  /@types/pg-format/1.0.2:
    resolution: {integrity: sha512-D3MEO6u3BObw3G4Xewjdx05MF5v/fiog78CedtrXe8BhONM8GvUz2dPfLWtI0BPRBoRd6anPHXe+sbrPReZouQ==}
    dev: false

  /@types/pg/8.6.5:
    resolution: {integrity: sha512-tOkGtAqRVkHa/PVZicq67zuujI4Oorfglsr2IbKofDwBSysnaqSx7W1mDqFqdkGE6Fbgh+PZAl0r/BWON/mozw==}
    dependencies:
      '@types/node': 17.0.35
      pg-protocol: 1.5.0
      pg-types: 2.2.0
    dev: false

  /bob-esbuild-plugin/4.0.0_pf4ciewabmfawf2ccdly3yuqp4:
    resolution: {integrity: sha512-Ymk0kEPc0JhL3eZQVnWpjT4/HMX8Hw7aD5CzqSvNAXeUgaR1+8m5O1RtkP/D42ZwNv+FPgD1wKM4pdoQ4ScmAQ==}
    peerDependencies:
      esbuild: '>=0.14.39'
      rollup: '*'
    peerDependenciesMeta:
      esbuild:
        optional: true
      rollup:
        optional: true
    dependencies:
      '@rollup/pluginutils': 4.2.1
      esbuild: 0.14.41
      rollup: 2.75.0
    dev: true

  /bob-ts/4.0.0_2ood4gl2z63vouoebhdezcicjq:
    resolution: {integrity: sha512-+8wb4kt7Y0yY5FyrPVn/oviGes859eglOx6Tm1usYponuzdBpih3D90IW06nQbMp7AWzQfOsV/82SrguJBeUxQ==}
    engines: {node: '>=14.13.1'}
    hasBin: true
    peerDependencies:
      '@types/node': '*'
      esbuild: '>=0.14.39'
      typescript: '*'
    peerDependenciesMeta:
      '@types/node':
        optional: true
      typescript:
        optional: true
    dependencies:
      '@types/node': 17.0.35
      bob-esbuild-plugin: 4.0.0_pf4ciewabmfawf2ccdly3yuqp4
      esbuild: 0.14.41
      rollup: 2.75.0
      typescript: 4.7.2
    dev: true

  /buffer-writer/2.0.0:
    resolution: {integrity: sha512-a7ZpuTZU1TRtnwyCNW3I5dc0wWNC3VR9S++Ewyk2HHZdrO3CQJqSpd+95Us590V6AL7JqUAH2IwZ/398PmNFgw==}
    engines: {node: '>=4'}
    dev: false

  /esbuild-android-64/0.14.41:
    resolution: {integrity: sha512-byyo8LPOGHzAqxbwh2Q72d7L+rXXTsr/KALjsiCySrJ60CGMe80i3bwoQ+WODxsGaH08R//yg5oc7xHKgQz4uw==}
    engines: {node: '>=12'}
    cpu: [x64]
    os: [android]
    requiresBuild: true
    dev: true
    optional: true

  /esbuild-android-arm64/0.14.41:
    resolution: {integrity: sha512-7koo9Dm/mwK4M8PGQX8JQRc4UQ4Wj7DT1nD4BQkVs2jxtHbYOlnsQH0fneKSXZVmnBIHYcntr/e1VU5gnYLvGQ==}
    engines: {node: '>=12'}
    cpu: [arm64]
    os: [android]
    requiresBuild: true
    dev: true
    optional: true

  /esbuild-darwin-64/0.14.41:
    resolution: {integrity: sha512-kW8fC2auh9jjmBXudTmlMfbBCMYMuujhxG40CxMhKiQ8NLBK4RU9yUYY6ss7QJp24kVTtKd4IvfwOio9SE53MA==}
    engines: {node: '>=12'}
    cpu: [x64]
    os: [darwin]
    requiresBuild: true
    dev: true
    optional: true

  /esbuild-darwin-arm64/0.14.41:
    resolution: {integrity: sha512-cO0EPkiQt0bERH9sZFIoTywWfGhEpshdpvQpDfLh/ZJLeioQfaarM9YDrmID+f7k77djh0mdyfsC6XpS0HlLsw==}
    engines: {node: '>=12'}
    cpu: [arm64]
    os: [darwin]
    requiresBuild: true
    dev: true
    optional: true

  /esbuild-freebsd-64/0.14.41:
    resolution: {integrity: sha512-6tsMDK6b7czCOjsr68BgVogFXcTCWL3T7yFXRFuAmXwY9ybYgX8sybD7ztrRB03dLAPeMxHo+PzeMD6LdVrLdQ==}
    engines: {node: '>=12'}
    cpu: [x64]
    os: [freebsd]
    requiresBuild: true
    dev: true
    optional: true

  /esbuild-freebsd-arm64/0.14.41:
    resolution: {integrity: sha512-AQ2S/VCLKVBe/+HNiFLyp3w9i7AEtCOWEzKHSkfHk0VO5bPzHd7WJfWmj1Bxliu7vdPESbiDUTJIH3rDt4bzSA==}
    engines: {node: '>=12'}
    cpu: [arm64]
    os: [freebsd]
    requiresBuild: true
    dev: true
    optional: true

  /esbuild-linux-32/0.14.41:
    resolution: {integrity: sha512-sb7Kah5Px6BNZ6gzm0nJLuDeAJKbIlaKIoI9zgZ5dFDxZSn91TMAHJz5W39YDJ8+ZaGJYIdqZSpDo+4G769mZw==}
    engines: {node: '>=12'}
    cpu: [ia32]
    os: [linux]
    requiresBuild: true
    dev: true
    optional: true

  /esbuild-linux-64/0.14.41:
    resolution: {integrity: sha512-PeI0bfbv+5ondZRhPRszptp3RQRRAPxpOB2CYDphKske5+UlCXPi4Af+T++OqhV5TEpymTfxJdJQ1sn1w32coA==}
    engines: {node: '>=12'}
    cpu: [x64]
    os: [linux]
    requiresBuild: true
    dev: true
    optional: true

  /esbuild-linux-arm/0.14.41:
    resolution: {integrity: sha512-8DQ6Sv3XNwgu0cnPA3q+kJSqfOYLDqWzpW8dPF+/Or23bS/5EIT/CzN73uIhR8A3AokXIczn88VKti7Xtv+V2g==}
    engines: {node: '>=12'}
    cpu: [arm]
    os: [linux]
    requiresBuild: true
    dev: true
    optional: true

  /esbuild-linux-arm64/0.14.41:
    resolution: {integrity: sha512-aAhBX6kVG8hTVuANE90ORobioHdpZLzy8Fibf4XBuG4IuJfjgM5N4wFIq2Tpd+Ykit432PL/YOQhZ4W6nVc4cQ==}
    engines: {node: '>=12'}
    cpu: [arm64]
    os: [linux]
    requiresBuild: true
    dev: true
    optional: true

  /esbuild-linux-mips64le/0.14.41:
    resolution: {integrity: sha512-88xo4FRYQ2laMJnrqZu8j5q531XT/odZnhO5NLWO/NdweIdT8F+QL0fNIBIf+nVkC1d0Psgmt+g35GAODMDl8g==}
    engines: {node: '>=12'}
    cpu: [mips64el]
    os: [linux]
    requiresBuild: true
    dev: true
    optional: true

  /esbuild-linux-ppc64le/0.14.41:
    resolution: {integrity: sha512-kJ0r/Cg3LzFzHhbBsvqi/hDPGKMGzFiPGOmUvqTkfVXhRUQtOMkXkyKdP7OEMRb8ctPtnptsZOOXPHRdU0NdJQ==}
    engines: {node: '>=12'}
    cpu: [ppc64]
    os: [linux]
    requiresBuild: true
    dev: true
    optional: true

  /esbuild-linux-riscv64/0.14.41:
    resolution: {integrity: sha512-ZJ7d/qFRx14J3aP75ccrFSZyuYZ1hu8IVfwVqyQg4jQFgNME2FMz7pZMskBJ0fSW8QcYUnN3RubFXWijyjKUug==}
    engines: {node: '>=12'}
    cpu: [riscv64]
    os: [linux]
    requiresBuild: true
    dev: true
    optional: true

  /esbuild-linux-s390x/0.14.41:
    resolution: {integrity: sha512-xeWAEZt1jAfYkYuyIUuHKpH/oj7O862Je5HTH9E+4sEfoOnZaAmFrisbXjGDKXjMRKYscFlM8wXdNBmiqQlT8g==}
    engines: {node: '>=12'}
    cpu: [s390x]
    os: [linux]
    requiresBuild: true
    dev: true
    optional: true

  /esbuild-netbsd-64/0.14.41:
    resolution: {integrity: sha512-X/UE3Asqy594/atYi/STgYtaMQBJwtZKF0KFFdJTkwb6rtaoHCM1o482iHibgnSK7CicuRhyTZ+cNx4OFqRQAg==}
    engines: {node: '>=12'}
    cpu: [x64]
    os: [netbsd]
    requiresBuild: true
    dev: true
    optional: true

  /esbuild-openbsd-64/0.14.41:
    resolution: {integrity: sha512-6m+1dtdO+4KaU3R0UTT82hxWxWpFCjgSHhQl/PKtMmq+CvvxRQDcTwujLC843M7ChGVWNM2q1s6YCwoA0WQ9kw==}
    engines: {node: '>=12'}
    cpu: [x64]
    os: [openbsd]
    requiresBuild: true
    dev: true
    optional: true

  /esbuild-sunos-64/0.14.41:
    resolution: {integrity: sha512-p96tTTcE8/WY7A4Udh+fxVUTGL8rIXOpyxyhZiXug+f7DGbjE24PbewqgIBRSDyM7xRUty+1RzqyJz73YIV6yg==}
    engines: {node: '>=12'}
    cpu: [x64]
    os: [sunos]
    requiresBuild: true
    dev: true
    optional: true

  /esbuild-windows-32/0.14.41:
    resolution: {integrity: sha512-jS+/pGyPPzrL8tgcvOxLEatV1QPICghKm13EjEVgkeRftl8X6tqRyFv/9eKutczdD3sklMDOJfivoPD32D46Ww==}
    engines: {node: '>=12'}
    cpu: [ia32]
    os: [win32]
    requiresBuild: true
    dev: true
    optional: true

  /esbuild-windows-64/0.14.41:
    resolution: {integrity: sha512-vLqmKbV8FJ7LFMrT3zEQpojnUUbXyqhRPVGnAYzc0ESY5yAuom4E9tL7KzZ5H8KEuCUf//AvbyxpE+yOcjpyjA==}
    engines: {node: '>=12'}
    cpu: [x64]
    os: [win32]
    requiresBuild: true
    dev: true
    optional: true

  /esbuild-windows-arm64/0.14.41:
    resolution: {integrity: sha512-TOvj7kRTfpH4GPPmblvuMNf8oNJ3y2h7a6HttanVnc3QLMm5bNFYLSo6TShLOn0SbqFWGJwHIhGhw2JK96aVhg==}
    engines: {node: '>=12'}
    cpu: [arm64]
    os: [win32]
    requiresBuild: true
    dev: true
    optional: true

  /esbuild/0.14.41:
    resolution: {integrity: sha512-uZl2CH5nwayLPi1Unhfk+vBBjD3FDlYQ+v24qAlj2oZMYQP8pFs1k3DK5ViD+keF3JnuV4K7JtqVvBmTDwVEbA==}
    engines: {node: '>=12'}
    hasBin: true
    requiresBuild: true
    optionalDependencies:
      esbuild-android-64: 0.14.41
      esbuild-android-arm64: 0.14.41
      esbuild-darwin-64: 0.14.41
      esbuild-darwin-arm64: 0.14.41
      esbuild-freebsd-64: 0.14.41
      esbuild-freebsd-arm64: 0.14.41
      esbuild-linux-32: 0.14.41
      esbuild-linux-64: 0.14.41
      esbuild-linux-arm: 0.14.41
      esbuild-linux-arm64: 0.14.41
      esbuild-linux-mips64le: 0.14.41
      esbuild-linux-ppc64le: 0.14.41
      esbuild-linux-riscv64: 0.14.41
      esbuild-linux-s390x: 0.14.41
      esbuild-netbsd-64: 0.14.41
      esbuild-openbsd-64: 0.14.41
      esbuild-sunos-64: 0.14.41
      esbuild-windows-32: 0.14.41
      esbuild-windows-64: 0.14.41
      esbuild-windows-arm64: 0.14.41
    dev: true

  /estree-walker/2.0.2:
    resolution: {integrity: sha512-Rfkk/Mp/DL7JVje3u18FxFujQlTNR2q6QfMSMB7AvCBx91NGj/ba3kCfza0f6dVDbw7YlRf/nDrn7pQrCCyQ/w==}
    dev: true

  /fsevents/2.3.2:
    resolution: {integrity: sha512-xiqMQR4xAeHTuB9uWm+fFRcIOgKBMiOBP+eXiyT7jsgVCq1bkVygt00oASowB7EdtpOHaaPgKt812P9ab+DDKA==}
    engines: {node: ^8.16.0 || ^10.6.0 || >=11.0.0}
    os: [darwin]
    requiresBuild: true
    dev: true
    optional: true

  /packet-reader/1.0.0:
    resolution: {integrity: sha512-HAKu/fG3HpHFO0AA8WE8q2g+gBJaZ9MG7fcKk+IJPLTGAD6Psw4443l+9DGRbOIh3/aXr7Phy0TjilYivJo5XQ==}
    dev: false

  /pg-connection-string/2.5.0:
    resolution: {integrity: sha512-r5o/V/ORTA6TmUnyWZR9nCj1klXCO2CEKNRlVuJptZe85QuhFayC7WeMic7ndayT5IRIR0S0xFxFi2ousartlQ==}
    dev: false

  /pg-format/1.0.4:
    resolution: {integrity: sha512-YyKEF78pEA6wwTAqOUaHIN/rWpfzzIuMh9KdAhc3rSLQ/7zkRFcCgYBAEGatDstLyZw4g0s9SNICmaTGnBVeyw==}
    engines: {node: '>=4.0'}
    dev: false

  /pg-int8/1.0.1:
    resolution: {integrity: sha512-WCtabS6t3c8SkpDBUlb1kjOs7l66xsGdKpIPZsg4wR+B3+u9UAum2odSsF9tnvxg80h4ZxLWMy4pRjOsFIqQpw==}
    engines: {node: '>=4.0.0'}
    dev: false

  /pg-pool/3.5.1_pg@8.7.3:
    resolution: {integrity: sha512-6iCR0wVrro6OOHFsyavV+i6KYL4lVNyYAB9RD18w66xSzN+d8b66HiwuP30Gp1SH5O9T82fckkzsRjlrhD0ioQ==}
    peerDependencies:
      pg: '>=8.0'
    dependencies:
      pg: 8.7.3
    dev: false

  /pg-protocol/1.5.0:
    resolution: {integrity: sha512-muRttij7H8TqRNu/DxrAJQITO4Ac7RmX3Klyr/9mJEOBeIpgnF8f9jAfRz5d3XwQZl5qBjF9gLsUtMPJE0vezQ==}
    dev: false

  /pg-types/2.2.0:
    resolution: {integrity: sha512-qTAAlrEsl8s4OiEQY69wDvcMIdQN6wdz5ojQiOy6YRMuynxenON0O5oCpJI6lshc6scgAY8qvJ2On/p+CXY0GA==}
    engines: {node: '>=4'}
    dependencies:
      pg-int8: 1.0.1
      postgres-array: 2.0.0
      postgres-bytea: 1.0.0
      postgres-date: 1.0.7
      postgres-interval: 1.2.0
    dev: false

  /pg/8.7.3:
    resolution: {integrity: sha512-HPmH4GH4H3AOprDJOazoIcpI49XFsHCe8xlrjHkWiapdbHK+HLtbm/GQzXYAZwmPju/kzKhjaSfMACG+8cgJcw==}
    engines: {node: '>= 8.0.0'}
    peerDependencies:
      pg-native: '>=2.0.0'
    peerDependenciesMeta:
      pg-native:
        optional: true
    dependencies:
      buffer-writer: 2.0.0
      packet-reader: 1.0.0
      pg-connection-string: 2.5.0
      pg-pool: 3.5.1_pg@8.7.3
      pg-protocol: 1.5.0
      pg-types: 2.2.0
      pgpass: 1.0.5
    dev: false

  /pgpass/1.0.5:
    resolution: {integrity: sha512-FdW9r/jQZhSeohs1Z3sI1yxFQNFvMcnmfuj4WBMUTxOrAyLMaTcE1aAMBiTlbMNaXvBCQuVi0R7hd8udDSP7ug==}
    dependencies:
      split2: 4.1.0
    dev: false

  /picomatch/2.3.1:
    resolution: {integrity: sha512-JU3teHTNjmE2VCGFzuY8EXzCDVwEqB2a8fsIvwaStHhAWJEeVd1o1QD80CU6+ZdEXXSLbSsuLwJjkCBWqRQUVA==}
    engines: {node: '>=8.6'}
    dev: true

  /postgres-array/2.0.0:
    resolution: {integrity: sha512-VpZrUqU5A69eQyW2c5CA1jtLecCsN2U/bD6VilrFDWq5+5UIEVO7nazS3TEcHf1zuPYO/sqGvUvW62g86RXZuA==}
    engines: {node: '>=4'}
    dev: false

  /postgres-bytea/1.0.0:
    resolution: {integrity: sha512-xy3pmLuQqRBZBXDULy7KbaitYqLcmxigw14Q5sj8QBVLqEwXfeybIKVWiqAXTlcvdvb0+xkOtDbfQMOf4lST1w==}
    engines: {node: '>=0.10.0'}
    dev: false

  /postgres-date/1.0.7:
    resolution: {integrity: sha512-suDmjLVQg78nMK2UZ454hAG+OAW+HQPZ6n++TNDUX+L0+uUlLywnoxJKDou51Zm+zTCjrCl0Nq6J9C5hP9vK/Q==}
    engines: {node: '>=0.10.0'}
    dev: false

  /postgres-interval/1.2.0:
    resolution: {integrity: sha512-9ZhXKM/rw350N1ovuWHbGxnGh/SNJ4cnxHiM0rxE4VN41wsg8P8zWn9hv/buK00RP4WvlOyr/RBDiptyxVbkZQ==}
    engines: {node: '>=0.10.0'}
    dependencies:
      xtend: 4.0.2
    dev: false

  /rollup/2.75.0:
    resolution: {integrity: sha512-1/wxtweHJ7YwI2AIK3ZgCBU3nbW8sLnBIFwN46cwOTnVzt8f1o6J8zPKjwoiuADvzSjmnLqJce31p0q2vQ+dqw==}
    engines: {node: '>=10.0.0'}
    hasBin: true
    optionalDependencies:
      fsevents: 2.3.2
    dev: true

  /split2/4.1.0:
    resolution: {integrity: sha512-VBiJxFkxiXRlUIeyMQi8s4hgvKCSjtknJv/LVYbrgALPwf5zSKmEwV9Lst25AkvMDnvxODugjdl6KZgwKM1WYQ==}
    engines: {node: '>= 10.x'}
    dev: false

  /typescript/4.7.2:
    resolution: {integrity: sha512-Mamb1iX2FDUpcTRzltPxgWMKy3fhg0TN378ylbktPGPK/99KbDtMQ4W1hwgsbPAsG3a0xKa1vmw4VKZQbkvz5A==}
    engines: {node: '>=4.2.0'}
    hasBin: true
    dev: true

  /uuid/8.3.2:
    resolution: {integrity: sha512-+NYs2QeMWy+GWFOEm9xnn6HCDp0l7QBD7ml8zLUmJ+93Q5NF0NocErnwkTkXVFNiX3/fpC6afS8Dhb/gz7R7eg==}
    hasBin: true
    dev: false

  /xtend/4.0.2:
    resolution: {integrity: sha512-LKYU1iAXJXUgAXn9URjiu+MWhyUXHsvfp7mcuYm9dSUKK0/CjtrUwFAxD82/mCWbtLsGjFIad0wIsod4zrTAEQ==}
    engines: {node: '>=0.4'}
    dev: false
